
Microsoft Visual Studio Solution File, Format Version 11.00
# Visual Studio 2010
# SharpDevelop 5.1
Project("{FAE04EC0-301F-11D3-BF4B-00C04F79EFBC}") = "truco", "truco\truco.csproj", "{15843C13-A6C4-43C2-9397-09A7E739CD59}"
EndProject
Global
	GlobalSection(SolutionConfigurationPlatforms) = preSolution
		Debug|Any CPU = Debug|Any CPU
		Release|Any CPU = Release|Any CPU
	EndGlobalSection
	GlobalSection(ProjectConfigurationPlatforms) = postSolution
		{15843C13-A6C4-43C2-9397-09A7E739CD59}.Debug|Any CPU.ActiveCfg = Debug|Any CPU
		{15843C13-A6C4-43C2-9397-09A7E739CD59}.Debug|Any CPU.Build.0 = Debug|Any CPU
		{15843C13-A6C4-43C2-9397-09A7E739CD59}.Release|Any CPU.ActiveCfg = Release|Any CPU
		{15843C13-A6C4-43C2-9397-09A7E739CD59}.Release|Any CPU.Build.0 = Release|Any CPU
	EndGlobalSection
EndGlobal
